
Microsoft Visual Studio Solution File, Format Version 12.00
# Visual Studio Version 16
VisualStudioVersion = 16.0.33529.622
MinimumVisualStudioVersion = 10.0.40219.1
Project("{FAE04EC0-301F-11D3-BF4B-00C04F79EFBC}") = "ZA launcher concept", "ZA launcher concept\ZA launcher concept.csproj", "{61C49B9C-BA09-4E07-A95E-296B77FA5275}"
EndProject
Global
	GlobalSection(SolutionConfigurationPlatforms) = preSolution
		Debug|Any CPU = Debug|Any CPU
		Release|Any CPU = Release|Any CPU
	EndGlobalSection
	GlobalSection(ProjectConfigurationPlatforms) = postSolution
		{61C49B9C-BA09-4E07-A95E-296B77FA5275}.Debug|Any CPU.ActiveCfg = Debug|Any CPU
		{61C49B9C-BA09-4E07-A95E-296B77FA5275}.Debug|Any CPU.Build.0 = Debug|Any CPU
		{61C49B9C-BA09-4E07-A95E-296B77FA5275}.Release|Any CPU.ActiveCfg = Release|Any CPU
		{61C49B9C-BA09-4E07-A95E-296B77FA5275}.Release|Any CPU.Build.0 = Release|Any CPU
	EndGlobalSection
	GlobalSection(SolutionProperties) = preSolution
		HideSolutionNode = FALSE
	EndGlobalSection
	GlobalSection(ExtensibilityGlobals) = postSolution
		SolutionGuid = {CF5F61BA-85B4-4513-AE79-1125EED7CA77}
	EndGlobalSection
EndGlobal
